
Microsoft Visual Studio Solution File, Format Version 12.00
# Visual Studio Version 17
VisualStudioVersion = 17.2.32616.157
MinimumVisualStudioVersion = 10.0.40219.1
Project("{FAE04EC0-301F-11D3-BF4B-00C04F79EFBC}") = "DataBaseTest", "DataBaseTest\DataBaseTest.csproj", "{3D4EFDA0-901E-4903-B772-B3C087BBC35C}"
EndProject
Project("{9A19103F-16F7-4668-BE54-9A1E7A4F7556}") = "DataGridUsers", "DataGridUsers\DataGridUsers.csproj", "{46FFF91F-DC2F-4940-820F-8E487D8FE4F1}"
EndProject
Project("{FAE04EC0-301F-11D3-BF4B-00C04F79EFBC}") = "WorkingDatabaseWF", "WorkingDatabaseWF\WorkingDatabaseWF.csproj", "{72F8F2C6-9D8F-4513-B452-F826AE39DCC7}"
EndProject
Global
	GlobalSection(SolutionConfigurationPlatforms) = preSolution
		Debug|Any CPU = Debug|Any CPU
		Release|Any CPU = Release|Any CPU
	EndGlobalSection
	GlobalSection(ProjectConfigurationPlatforms) = postSolution
		{3D4EFDA0-901E-4903-B772-B3C087BBC35C}.Debug|Any CPU.ActiveCfg = Debug|Any CPU
		{3D4EFDA0-901E-4903-B772-B3C087BBC35C}.Debug|Any CPU.Build.0 = Debug|Any CPU
		{3D4EFDA0-901E-4903-B772-B3C087BBC35C}.Release|Any CPU.ActiveCfg = Release|Any CPU
		{3D4EFDA0-901E-4903-B772-B3C087BBC35C}.Release|Any CPU.Build.0 = Release|Any CPU
		{46FFF91F-DC2F-4940-820F-8E487D8FE4F1}.Debug|Any CPU.ActiveCfg = Debug|Any CPU
		{46FFF91F-DC2F-4940-820F-8E487D8FE4F1}.Debug|Any CPU.Build.0 = Debug|Any CPU
		{46FFF91F-DC2F-4940-820F-8E487D8FE4F1}.Release|Any CPU.ActiveCfg = Release|Any CPU
		{46FFF91F-DC2F-4940-820F-8E487D8FE4F1}.Release|Any CPU.Build.0 = Release|Any CPU
		{72F8F2C6-9D8F-4513-B452-F826AE39DCC7}.Debug|Any CPU.ActiveCfg = Debug|Any CPU
		{72F8F2C6-9D8F-4513-B452-F826AE39DCC7}.Debug|Any CPU.Build.0 = Debug|Any CPU
		{72F8F2C6-9D8F-4513-B452-F826AE39DCC7}.Release|Any CPU.ActiveCfg = Release|Any CPU
		{72F8F2C6-9D8F-4513-B452-F826AE39DCC7}.Release|Any CPU.Build.0 = Release|Any CPU
	EndGlobalSection
	GlobalSection(SolutionProperties) = preSolution
		HideSolutionNode = FALSE
	EndGlobalSection
	GlobalSection(ExtensibilityGlobals) = postSolution
		SolutionGuid = {A766CB6E-0CF1-4F20-89AE-3759C38199AF}
	EndGlobalSection
EndGlobal
